
Microsoft Visual Studio Solution File, Format Version 12.00
# Visual Studio 15
VisualStudioVersion = 15.0.27130.2020
MinimumVisualStudioVersion = 10.0.40219.1
Project("{FAE04EC0-301F-11D3-BF4B-00C04F79EFBC}") = "SocialKoombu", "SocialKoombu\SocialKoombu.csproj", "{4D7DC2F5-475D-49DF-A0DB-CD7031FA7DCF}"
EndProject
Project("{FAE04EC0-301F-11D3-BF4B-00C04F79EFBC}") = "Koombu.Dal", "Koombu.Dal\Koombu.Dal.csproj", "{32E2A61B-8576-40FD-8012-8F51B43A056A}"
EndProject
Project("{FAE04EC0-301F-11D3-BF4B-00C04F79EFBC}") = "Koombu.Bll", "Koombu.Bll\Koombu.Bll.csproj", "{3A1DE1F4-C96C-47E0-BE8E-30AD9315AD1A}"
EndProject
Global
	GlobalSection(SolutionConfigurationPlatforms) = preSolution
		Debug|Any CPU = Debug|Any CPU
		Release|Any CPU = Release|Any CPU
	EndGlobalSection
	GlobalSection(ProjectConfigurationPlatforms) = postSolution
		{4D7DC2F5-475D-49DF-A0DB-CD7031FA7DCF}.Debug|Any CPU.ActiveCfg = Debug|Any CPU
		{4D7DC2F5-475D-49DF-A0DB-CD7031FA7DCF}.Debug|Any CPU.Build.0 = Debug|Any CPU
		{4D7DC2F5-475D-49DF-A0DB-CD7031FA7DCF}.Release|Any CPU.ActiveCfg = Release|Any CPU
		{4D7DC2F5-475D-49DF-A0DB-CD7031FA7DCF}.Release|Any CPU.Build.0 = Release|Any CPU
		{32E2A61B-8576-40FD-8012-8F51B43A056A}.Debug|Any CPU.ActiveCfg = Debug|Any CPU
		{32E2A61B-8576-40FD-8012-8F51B43A056A}.Debug|Any CPU.Build.0 = Debug|Any CPU
		{32E2A61B-8576-40FD-8012-8F51B43A056A}.Release|Any CPU.ActiveCfg = Release|Any CPU
		{32E2A61B-8576-40FD-8012-8F51B43A056A}.Release|Any CPU.Build.0 = Release|Any CPU
		{3A1DE1F4-C96C-47E0-BE8E-30AD9315AD1A}.Debug|Any CPU.ActiveCfg = Debug|Any CPU
		{3A1DE1F4-C96C-47E0-BE8E-30AD9315AD1A}.Debug|Any CPU.Build.0 = Debug|Any CPU
		{3A1DE1F4-C96C-47E0-BE8E-30AD9315AD1A}.Release|Any CPU.ActiveCfg = Release|Any CPU
		{3A1DE1F4-C96C-47E0-BE8E-30AD9315AD1A}.Release|Any CPU.Build.0 = Release|Any CPU
	EndGlobalSection
	GlobalSection(SolutionProperties) = preSolution
		HideSolutionNode = FALSE
	EndGlobalSection
	GlobalSection(ExtensibilityGlobals) = postSolution
		SolutionGuid = {7828A46F-1216-4086-B01A-318CE2D62463}
	EndGlobalSection
EndGlobal
